Microsoft Visual Studio Solution File, Format Version 12.00
# Visual Studio Version 17
VisualStudioVersion = 17.5.2.0
MinimumVisualStudioVersion = 10.0.40219.1
Project("{FAE04EC0-301F-11D3-BF4B-00C04F79EFBC}") = "UserUpload", "src\aspnet\UserUpload.csproj", "{DB1ABC8D-6452-2AB9-0604-A433E9A374E1}"
EndProject
Global
	GlobalSection(SolutionConfigurationPlatforms) = preSolution
		Debug|Any CPU = Debug|Any CPU
		Release|Any CPU = Release|Any CPU
	EndGlobalSection
	GlobalSection(ProjectConfigurationPlatforms) = postSolution
		{DB1ABC8D-6452-2AB9-0604-A433E9A374E1}.Debug|Any CPU.ActiveCfg = Debug|Any CPU
		{DB1ABC8D-6452-2AB9-0604-A433E9A374E1}.Debug|Any CPU.Build.0 = Debug|Any CPU
		{DB1ABC8D-6452-2AB9-0604-A433E9A374E1}.Release|Any CPU.ActiveCfg = Release|Any CPU
		{DB1ABC8D-6452-2AB9-0604-A433E9A374E1}.Release|Any CPU.Build.0 = Release|Any CPU
	EndGlobalSection
	GlobalSection(SolutionProperties) = preSolution
		HideSolutionNode = FALSE
	EndGlobalSection
	GlobalSection(NestedProjects) = preSolution
		{DB1ABC8D-6452-2AB9-0604-A433E9A374E1} = {827E0CD3-B72D-47B6-A68D-7590B98EB39B}
	EndGlobalSection
	GlobalSection(ExtensibilityGlobals) = postSolution
		SolutionGuid = {C0734B20-3A02-43AA-B2A7-20BE4DBBDD81}
	EndGlobalSection
EndGlobal
